
Microsoft Visual Studio Solution File, Format Version 12.00
# Visual Studio Version 16
VisualStudioVersion = 25.0.1706.10
MinimumVisualStudioVersion = 10.0.40219.1
Project("{FAE04EC0-301F-11D3-BF4B-00C04F79EFBC}") = "cit-project", "cit-project\cit-project.csproj", "{70E17B63-515A-4B69-A1D6-D5B11A8BC3D6}"
EndProject
Global
	GlobalSection(SolutionConfigurationPlatforms) = preSolution
		Debug|Any CPU = Debug|Any CPU
		Release|Any CPU = Release|Any CPU
	EndGlobalSection
	GlobalSection(ProjectConfigurationPlatforms) = postSolution
		{70E17B63-515A-4B69-A1D6-D5B11A8BC3D6}.Debug|Any CPU.ActiveCfg = Debug|Any CPU
		{70E17B63-515A-4B69-A1D6-D5B11A8BC3D6}.Debug|Any CPU.Build.0 = Debug|Any CPU
		{70E17B63-515A-4B69-A1D6-D5B11A8BC3D6}.Release|Any CPU.ActiveCfg = Release|Any CPU
		{70E17B63-515A-4B69-A1D6-D5B11A8BC3D6}.Release|Any CPU.Build.0 = Release|Any CPU
	EndGlobalSection
	GlobalSection(SolutionProperties) = preSolution
		HideSolutionNode = FALSE
	EndGlobalSection
	GlobalSection(ExtensibilityGlobals) = postSolution
		SolutionGuid = {5712261A-D778-4C10-8846-1C1CF9DEC107}
	EndGlobalSection
EndGlobal
